github.com/ZMensRain/image-to-maze v0.0.0-20251121141312-cdcddb723253 h1:7rvuPqvHrT+azmzXLjYe6jVSX10/AUCb54YcRXbpo84=
github.com/ZMensRain/image-to-maze v0.0.0-20251121141312-cdcddb723253/go.mod h1:L48zr01VvympC9Khf6dWFb7/QrpgNWvvR8Jiu4NuVug=
github.com/ZMensRain/image-to-maze v0.1.0 h1:sDmAKi7jbqZKKv4MKbD2s51jwIJFmMXhcL6d40oOb0w=
github.com/ZMensRain/image-to-maze v0.1.0/go.mod h1:L48zr01VvympC9Khf6dWFb7/QrpgNWvvR8Jiu4NuVug=
